
Microsoft Visual Studio Solution File, Format Version 12.00
# Visual Studio 15
VisualStudioVersion = 15.0.27130.2020
MinimumVisualStudioVersion = 10.0.40219.1
Project("{9A19103F-16F7-4668-BE54-9A1E7A4F7556}") = "Sky", "Sky\Sky.csproj", "{01778075-0762-4F5A-B293-1EC672827A5E}"
EndProject
Project("{9A19103F-16F7-4668-BE54-9A1E7A4F7556}") = "Tester", "Tester\Tester.csproj", "{33CC5B60-380C-4A5F-BED2-CE5517C39854}"
EndProject
Project("{9A19103F-16F7-4668-BE54-9A1E7A4F7556}") = "SkyCLI", "SkyCLI\SkyCLI.csproj", "{C94FB01A-C6CF-4110-8B9A-DCCE9BDEFECB}"
EndProject
Project("{FAE04EC0-301F-11D3-BF4B-00C04F79EFBC}") = "Sky.UnitTests", "Sky.UnitTests\Sky.UnitTests.csproj", "{EDFDBC7B-CFE1-42DA-B362-891CF769E1BF}"
EndProject
Global
	GlobalSection(SolutionConfigurationPlatforms) = preSolution
		Debug|Any CPU = Debug|Any CPU
		Debug|x64 = Debug|x64
		Release|Any CPU = Release|Any CPU
		Release|x64 = Release|x64
	EndGlobalSection
	GlobalSection(ProjectConfigurationPlatforms) = postSolution
		{01778075-0762-4F5A-B293-1EC672827A5E}.Debug|Any CPU.ActiveCfg = Debug|Any CPU
		{01778075-0762-4F5A-B293-1EC672827A5E}.Debug|Any CPU.Build.0 = Debug|Any CPU
		{01778075-0762-4F5A-B293-1EC672827A5E}.Debug|x64.ActiveCfg = Debug|Any CPU
		{01778075-0762-4F5A-B293-1EC672827A5E}.Debug|x64.Build.0 = Debug|Any CPU
		{01778075-0762-4F5A-B293-1EC672827A5E}.Release|Any CPU.ActiveCfg = Release|Any CPU
		{01778075-0762-4F5A-B293-1EC672827A5E}.Release|Any CPU.Build.0 = Release|Any CPU
		{01778075-0762-4F5A-B293-1EC672827A5E}.Release|x64.ActiveCfg = Release|Any CPU
		{01778075-0762-4F5A-B293-1EC672827A5E}.Release|x64.Build.0 = Release|Any CPU
		{33CC5B60-380C-4A5F-BED2-CE5517C39854}.Debug|Any CPU.ActiveCfg = Debug|Any CPU
		{33CC5B60-380C-4A5F-BED2-CE5517C39854}.Debug|Any CPU.Build.0 = Debug|Any CPU
		{33CC5B60-380C-4A5F-BED2-CE5517C39854}.Debug|x64.ActiveCfg = Debug|Any CPU
		{33CC5B60-380C-4A5F-BED2-CE5517C39854}.Debug|x64.Build.0 = Debug|Any CPU
		{33CC5B60-380C-4A5F-BED2-CE5517C39854}.Release|Any CPU.ActiveCfg = Release|Any CPU
		{33CC5B60-380C-4A5F-BED2-CE5517C39854}.Release|Any CPU.Build.0 = Release|Any CPU
		{33CC5B60-380C-4A5F-BED2-CE5517C39854}.Release|x64.ActiveCfg = Release|Any CPU
		{33CC5B60-380C-4A5F-BED2-CE5517C39854}.Release|x64.Build.0 = Release|Any CPU
		{C94FB01A-C6CF-4110-8B9A-DCCE9BDEFECB}.Debug|Any CPU.ActiveCfg = Debug|Any CPU
		{C94FB01A-C6CF-4110-8B9A-DCCE9BDEFECB}.Debug|Any CPU.Build.0 = Debug|Any CPU
		{C94FB01A-C6CF-4110-8B9A-DCCE9BDEFECB}.Debug|x64.ActiveCfg = Debug|Any CPU
		{C94FB01A-C6CF-4110-8B9A-DCCE9BDEFECB}.Debug|x64.Build.0 = Debug|Any CPU
		{C94FB01A-C6CF-4110-8B9A-DCCE9BDEFECB}.Release|Any CPU.ActiveCfg = Release|Any CPU
		{C94FB01A-C6CF-4110-8B9A-DCCE9BDEFECB}.Release|Any CPU.Build.0 = Release|Any CPU
		{C94FB01A-C6CF-4110-8B9A-DCCE9BDEFECB}.Release|x64.ActiveCfg = Release|Any CPU
		{C94FB01A-C6CF-4110-8B9A-DCCE9BDEFECB}.Release|x64.Build.0 = Release|Any CPU
		{EDFDBC7B-CFE1-42DA-B362-891CF769E1BF}.Debug|Any CPU.ActiveCfg = Debug|Any CPU
		{EDFDBC7B-CFE1-42DA-B362-891CF769E1BF}.Debug|Any CPU.Build.0 = Debug|Any CPU
		{EDFDBC7B-CFE1-42DA-B362-891CF769E1BF}.Debug|x64.ActiveCfg = Debug|Any CPU
		{EDFDBC7B-CFE1-42DA-B362-891CF769E1BF}.Debug|x64.Build.0 = Debug|Any CPU
		{EDFDBC7B-CFE1-42DA-B362-891CF769E1BF}.Release|Any CPU.ActiveCfg = Release|Any CPU
		{EDFDBC7B-CFE1-42DA-B362-891CF769E1BF}.Release|Any CPU.Build.0 = Release|Any CPU
		{EDFDBC7B-CFE1-42DA-B362-891CF769E1BF}.Release|x64.ActiveCfg = Release|Any CPU
		{EDFDBC7B-CFE1-42DA-B362-891CF769E1BF}.Release|x64.Build.0 = Release|Any CPU
	EndGlobalSection
	GlobalSection(SolutionProperties) = preSolution
		HideSolutionNode = FALSE
	EndGlobalSection
	GlobalSection(ExtensibilityGlobals) = postSolution
		SolutionGuid = {13250C2C-9B48-4BF1-8E19-067A6F4DC0F6}
	EndGlobalSection
EndGlobal
